
Microsoft Visual Studio Solution File, Format Version 12.00
# Visual Studio 14
VisualStudioVersion = 14.0.25420.1
MinimumVisualStudioVersion = 10.0.40219.1
Project("{8BC9CEB8-8B4A-11D0-8D11-00A0C91BC942}") = "CppProjects_[EdgarRodriguez]", "CppProjects_[EdgarRodriguez]\CppProjects_[EdgarRodriguez].vcxproj", "{57F94C03-34F0-4918-B905-ED466A40F210}"
EndProject
Project("{8BC9CEB8-8B4A-11D0-8D11-00A0C91BC942}") = "RandomEnemiGenerator", "RandomEnemiGenerator\RandomEnemiGenerator.vcxproj", "{C2D85A6C-4AA9-494A-AFB7-35BC0D258D11}"
EndProject
Project("{8BC9CEB8-8B4A-11D0-8D11-00A0C91BC942}") = "TheWalkingDead", "TheWalkingDead\TheWalkingDead.vcxproj", "{03C19746-BC74-44C5-9F7E-B44C4A53D51C}"
EndProject
Project("{8BC9CEB8-8B4A-11D0-8D11-00A0C91BC942}") = "DynArray", "DynArray\DynArray.vcxproj", "{5EE3347B-F5CC-4D84-94D1-04A8E0E1ED8F}"
EndProject
Project("{8BC9CEB8-8B4A-11D0-8D11-00A0C91BC942}") = "STL_Vector", "STL_Vector\STL_Vector.vcxproj", "{7102B734-F988-45FF-B01D-1634A9E83471}"
EndProject
Project("{8BC9CEB8-8B4A-11D0-8D11-00A0C91BC942}") = "STL_Map", "STL_Map\STL_Map.vcxproj", "{6CAF6512-6897-4C72-8598-054602C83237}"
EndProject
Project("{8BC9CEB8-8B4A-11D0-8D11-00A0C91BC942}") = "PlayerRanking", "PlayerRanking\PlayerRanking.vcxproj", "{CFBB4DE4-BEE1-42FE-8F38-C2CD4D111E1E}"
EndProject
Project("{8BC9CEB8-8B4A-11D0-8D11-00A0C91BC942}") = "STL_Set", "STL_Set\STL_Set.vcxproj", "{4C72DB4F-D6B1-4647-89A7-AD27AD04E53E}"
EndProject
Project("{8BC9CEB8-8B4A-11D0-8D11-00A0C91BC942}") = "In_Output", "In_Output\In_Output.vcxproj", "{19DD3FF4-8F70-4B97-A2DF-5415FEBAD1C7}"
EndProject
Project("{8BC9CEB8-8B4A-11D0-8D11-00A0C91BC942}") = "STL_Deque", "STL_Deque\STL_Deque.vcxproj", "{5837106A-D96D-4BE3-BC7A-B685F3005B50}"
EndProject
Project("{8BC9CEB8-8B4A-11D0-8D11-00A0C91BC942}") = "STL_Stack", "STL_Stack\STL_Stack.vcxproj", "{BDA6784E-9326-4392-9830-CEB26A69B3F9}"
EndProject
Global
	GlobalSection(SolutionConfigurationPlatforms) = preSolution
		Debug|x64 = Debug|x64
		Debug|x86 = Debug|x86
		Release|x64 = Release|x64
		Release|x86 = Release|x86
	EndGlobalSection
	GlobalSection(ProjectConfigurationPlatforms) = postSolution
		{57F94C03-34F0-4918-B905-ED466A40F210}.Debug|x64.ActiveCfg = Debug|x64
		{57F94C03-34F0-4918-B905-ED466A40F210}.Debug|x64.Build.0 = Debug|x64
		{57F94C03-34F0-4918-B905-ED466A40F210}.Debug|x86.ActiveCfg = Debug|Win32
		{57F94C03-34F0-4918-B905-ED466A40F210}.Debug|x86.Build.0 = Debug|Win32
		{57F94C03-34F0-4918-B905-ED466A40F210}.Release|x64.ActiveCfg = Release|x64
		{57F94C03-34F0-4918-B905-ED466A40F210}.Release|x64.Build.0 = Release|x64
		{57F94C03-34F0-4918-B905-ED466A40F210}.Release|x86.ActiveCfg = Release|Win32
		{57F94C03-34F0-4918-B905-ED466A40F210}.Release|x86.Build.0 = Release|Win32
		{C2D85A6C-4AA9-494A-AFB7-35BC0D258D11}.Debug|x64.ActiveCfg = Debug|x64
		{C2D85A6C-4AA9-494A-AFB7-35BC0D258D11}.Debug|x64.Build.0 = Debug|x64
		{C2D85A6C-4AA9-494A-AFB7-35BC0D258D11}.Debug|x86.ActiveCfg = Debug|Win32
		{C2D85A6C-4AA9-494A-AFB7-35BC0D258D11}.Debug|x86.Build.0 = Debug|Win32
		{C2D85A6C-4AA9-494A-AFB7-35BC0D258D11}.Release|x64.ActiveCfg = Release|x64
		{C2D85A6C-4AA9-494A-AFB7-35BC0D258D11}.Release|x64.Build.0 = Release|x64
		{C2D85A6C-4AA9-494A-AFB7-35BC0D258D11}.Release|x86.ActiveCfg = Release|Win32
		{C2D85A6C-4AA9-494A-AFB7-35BC0D258D11}.Release|x86.Build.0 = Release|Win32
		{03C19746-BC74-44C5-9F7E-B44C4A53D51C}.Debug|x64.ActiveCfg = Debug|x64
		{03C19746-BC74-44C5-9F7E-B44C4A53D51C}.Debug|x64.Build.0 = Debug|x64
		{03C19746-BC74-44C5-9F7E-B44C4A53D51C}.Debug|x86.ActiveCfg = Debug|Win32
		{03C19746-BC74-44C5-9F7E-B44C4A53D51C}.Debug|x86.Build.0 = Debug|Win32
		{03C19746-BC74-44C5-9F7E-B44C4A53D51C}.Release|x64.ActiveCfg = Release|x64
		{03C19746-BC74-44C5-9F7E-B44C4A53D51C}.Release|x64.Build.0 = Release|x64
		{03C19746-BC74-44C5-9F7E-B44C4A53D51C}.Release|x86.ActiveCfg = Release|Win32
		{03C19746-BC74-44C5-9F7E-B44C4A53D51C}.Release|x86.Build.0 = Release|Win32
		{5EE3347B-F5CC-4D84-94D1-04A8E0E1ED8F}.Debug|x64.ActiveCfg = Debug|x64
		{5EE3347B-F5CC-4D84-94D1-04A8E0E1ED8F}.Debug|x64.Build.0 = Debug|x64
		{5EE3347B-F5CC-4D84-94D1-04A8E0E1ED8F}.Debug|x86.ActiveCfg = Debug|Win32
		{5EE3347B-F5CC-4D84-94D1-04A8E0E1ED8F}.Debug|x86.Build.0 = Debug|Win32
		{5EE3347B-F5CC-4D84-94D1-04A8E0E1ED8F}.Release|x64.ActiveCfg = Release|x64
		{5EE3347B-F5CC-4D84-94D1-04A8E0E1ED8F}.Release|x64.Build.0 = Release|x64
		{5EE3347B-F5CC-4D84-94D1-04A8E0E1ED8F}.Release|x86.ActiveCfg = Release|Win32
		{5EE3347B-F5CC-4D84-94D1-04A8E0E1ED8F}.Release|x86.Build.0 = Release|Win32
		{7102B734-F988-45FF-B01D-1634A9E83471}.Debug|x64.ActiveCfg = Debug|x64
		{7102B734-F988-45FF-B01D-1634A9E83471}.Debug|x64.Build.0 = Debug|x64
		{7102B734-F988-45FF-B01D-1634A9E83471}.Debug|x86.ActiveCfg = Debug|Win32
		{7102B734-F988-45FF-B01D-1634A9E83471}.Debug|x86.Build.0 = Debug|Win32
		{7102B734-F988-45FF-B01D-1634A9E83471}.Release|x64.ActiveCfg = Release|x64
		{7102B734-F988-45FF-B01D-1634A9E83471}.Release|x64.Build.0 = Release|x64
		{7102B734-F988-45FF-B01D-1634A9E83471}.Release|x86.ActiveCfg = Release|Win32
		{7102B734-F988-45FF-B01D-1634A9E83471}.Release|x86.Build.0 = Release|Win32
		{6CAF6512-6897-4C72-8598-054602C83237}.Debug|x64.ActiveCfg = Debug|x64
		{6CAF6512-6897-4C72-8598-054602C83237}.Debug|x64.Build.0 = Debug|x64
		{6CAF6512-6897-4C72-8598-054602C83237}.Debug|x86.ActiveCfg = Debug|Win32
		{6CAF6512-6897-4C72-8598-054602C83237}.Debug|x86.Build.0 = Debug|Win32
		{6CAF6512-6897-4C72-8598-054602C83237}.Release|x64.ActiveCfg = Release|x64
		{6CAF6512-6897-4C72-8598-054602C83237}.Release|x64.Build.0 = Release|x64
		{6CAF6512-6897-4C72-8598-054602C83237}.Release|x86.ActiveCfg = Release|Win32
		{6CAF6512-6897-4C72-8598-054602C83237}.Release|x86.Build.0 = Release|Win32
		{CFBB4DE4-BEE1-42FE-8F38-C2CD4D111E1E}.Debug|x64.ActiveCfg = Debug|x64
		{CFBB4DE4-BEE1-42FE-8F38-C2CD4D111E1E}.Debug|x64.Build.0 = Debug|x64
		{CFBB4DE4-BEE1-42FE-8F38-C2CD4D111E1E}.Debug|x86.ActiveCfg = Debug|Win32
		{CFBB4DE4-BEE1-42FE-8F38-C2CD4D111E1E}.Debug|x86.Build.0 = Debug|Win32
		{CFBB4DE4-BEE1-42FE-8F38-C2CD4D111E1E}.Release|x64.ActiveCfg = Release|x64
		{CFBB4DE4-BEE1-42FE-8F38-C2CD4D111E1E}.Release|x64.Build.0 = Release|x64
		{CFBB4DE4-BEE1-42FE-8F38-C2CD4D111E1E}.Release|x86.ActiveCfg = Release|Win32
		{CFBB4DE4-BEE1-42FE-8F38-C2CD4D111E1E}.Release|x86.Build.0 = Release|Win32
		{4C72DB4F-D6B1-4647-89A7-AD27AD04E53E}.Debug|x64.ActiveCfg = Debug|x64
		{4C72DB4F-D6B1-4647-89A7-AD27AD04E53E}.Debug|x64.Build.0 = Debug|x64
		{4C72DB4F-D6B1-4647-89A7-AD27AD04E53E}.Debug|x86.ActiveCfg = Debug|Win32
		{4C72DB4F-D6B1-4647-89A7-AD27AD04E53E}.Debug|x86.Build.0 = Debug|Win32
		{4C72DB4F-D6B1-4647-89A7-AD27AD04E53E}.Release|x64.ActiveCfg = Release|x64
		{4C72DB4F-D6B1-4647-89A7-AD27AD04E53E}.Release|x64.Build.0 = Release|x64
		{4C72DB4F-D6B1-4647-89A7-AD27AD04E53E}.Release|x86.ActiveCfg = Release|Win32
		{4C72DB4F-D6B1-4647-89A7-AD27AD04E53E}.Release|x86.Build.0 = Release|Win32
		{19DD3FF4-8F70-4B97-A2DF-5415FEBAD1C7}.Debug|x64.ActiveCfg = Debug|x64
		{19DD3FF4-8F70-4B97-A2DF-5415FEBAD1C7}.Debug|x64.Build.0 = Debug|x64
		{19DD3FF4-8F70-4B97-A2DF-5415FEBAD1C7}.Debug|x86.ActiveCfg = Debug|Win32
		{19DD3FF4-8F70-4B97-A2DF-5415FEBAD1C7}.Debug|x86.Build.0 = Debug|Win32
		{19DD3FF4-8F70-4B97-A2DF-5415FEBAD1C7}.Release|x64.ActiveCfg = Release|x64
		{19DD3FF4-8F70-4B97-A2DF-5415FEBAD1C7}.Release|x64.Build.0 = Release|x64
		{19DD3FF4-8F70-4B97-A2DF-5415FEBAD1C7}.Release|x86.ActiveCfg = Release|Win32
		{19DD3FF4-8F70-4B97-A2DF-5415FEBAD1C7}.Release|x86.Build.0 = Release|Win32
		{5837106A-D96D-4BE3-BC7A-B685F3005B50}.Debug|x64.ActiveCfg = Debug|x64
		{5837106A-D96D-4BE3-BC7A-B685F3005B50}.Debug|x64.Build.0 = Debug|x64
		{5837106A-D96D-4BE3-BC7A-B685F3005B50}.Debug|x86.ActiveCfg = Debug|Win32
		{5837106A-D96D-4BE3-BC7A-B685F3005B50}.Debug|x86.Build.0 = Debug|Win32
		{5837106A-D96D-4BE3-BC7A-B685F3005B50}.Release|x64.ActiveCfg = Release|x64
		{5837106A-D96D-4BE3-BC7A-B685F3005B50}.Release|x64.Build.0 = Release|x64
		{5837106A-D96D-4BE3-BC7A-B685F3005B50}.Release|x86.ActiveCfg = Release|Win32
		{5837106A-D96D-4BE3-BC7A-B685F3005B50}.Release|x86.Build.0 = Release|Win32
		{BDA6784E-9326-4392-9830-CEB26A69B3F9}.Debug|x64.ActiveCfg = Debug|x64
		{BDA6784E-9326-4392-9830-CEB26A69B3F9}.Debug|x64.Build.0 = Debug|x64
		{BDA6784E-9326-4392-9830-CEB26A69B3F9}.Debug|x86.ActiveCfg = Debug|Win32
		{BDA6784E-9326-4392-9830-CEB26A69B3F9}.Debug|x86.Build.0 = Debug|Win32
		{BDA6784E-9326-4392-9830-CEB26A69B3F9}.Release|x64.ActiveCfg = Release|x64
		{BDA6784E-9326-4392-9830-CEB26A69B3F9}.Release|x64.Build.0 = Release|x64
		{BDA6784E-9326-4392-9830-CEB26A69B3F9}.Release|x86.ActiveCfg = Release|Win32
		{BDA6784E-9326-4392-9830-CEB26A69B3F9}.Release|x86.Build.0 = Release|Win32
	EndGlobalSection
	GlobalSection(SolutionProperties) = preSolution
		HideSolutionNode = FALSE
	EndGlobalSection
EndGlobal
